
Microsoft Visual Studio Solution File, Format Version 12.00
# Visual Studio 15
VisualStudioVersion = 15.0.27130.2027
MinimumVisualStudioVersion = 10.0.40219.1
Project("{FAE04EC0-301F-11D3-BF4B-00C04F79EFBC}") = "RegistryStream", "Test\RegistryStream.csproj", "{7CFCC776-BA69-4A02-8AB3-2E4066BDDDE9}"
EndProject
Global
	GlobalSection(SolutionConfigurationPlatforms) = preSolution
		Debug|Any CPU = Debug|Any CPU
		Release|Any CPU = Release|Any CPU
	EndGlobalSection
	GlobalSection(ProjectConfigurationPlatforms) = postSolution
		{7CFCC776-BA69-4A02-8AB3-2E4066BDDDE9}.Debug|Any CPU.ActiveCfg = Debug|Any CPU
		{7CFCC776-BA69-4A02-8AB3-2E4066BDDDE9}.Debug|Any CPU.Build.0 = Debug|Any CPU
		{7CFCC776-BA69-4A02-8AB3-2E4066BDDDE9}.Release|Any CPU.ActiveCfg = Release|Any CPU
		{7CFCC776-BA69-4A02-8AB3-2E4066BDDDE9}.Release|Any CPU.Build.0 = Release|Any CPU
	EndGlobalSection
	GlobalSection(SolutionProperties) = preSolution
		HideSolutionNode = FALSE
	EndGlobalSection
	GlobalSection(ExtensibilityGlobals) = postSolution
		SolutionGuid = {297B05AF-5A7A-4848-80F8-DED2F2A9C95C}
	EndGlobalSection
EndGlobal
